// !$*UTF8*$!
{
	archiveVersion = 1;
	classes = {
	};
	objectVersion = 46;
	objects = {

/* Begin PBXBuildFile section */
		D8B6806A1C6F804200902CBD /* AppDelegate.swift in Sources */ = {isa = PBXBuildFile; fileRef = D8B680691C6F804200902CBD /* AppDelegate.swift */; };
		D8B6806F1C6F804200902CBD /* Main.storyboard in Resources */ = {isa = PBXBuildFile; fileRef = D8B6806D1C6F804200902CBD /* Main.storyboard */; };
		D8B680721C6F804200902CBD /* PupUp.xcdatamodeld in Sources */ = {isa = PBXBuildFile; fileRef = D8B680701C6F804200902CBD /* PupUp.xcdatamodeld */; };
		D8B680741C6F804200902CBD /* Assets.xcassets in Resources */ = {isa = PBXBuildFile; fileRef = D8B680731C6F804200902CBD /* Assets.xcassets */; };
		D8B680771C6F804200902CBD /* LaunchScreen.storyboard in Resources */ = {isa = PBXBuildFile; fileRef = D8B680751C6F804200902CBD /* LaunchScreen.storyboard */; };
		D8B680821C6F804200902CBD /* PupUpTests.swift in Sources */ = {isa = PBXBuildFile; fileRef = D8B680811C6F804200902CBD /* PupUpTests.swift */; };
		D8B6808D1C6F804200902CBD /* PupUpUITests.swift in Sources */ = {isa = PBXBuildFile; fileRef = D8B6808C1C6F804200902CBD /* PupUpUITests.swift */; };
		D8B680A01C6F806D00902CBD /* Interface.storyboard in Resources */ = {isa = PBXBuildFile; fileRef = D8B6809E1C6F806D00902CBD /* Interface.storyboard */; };
		D8B680A21C6F806D00902CBD /* Assets.xcassets in Resources */ = {isa = PBXBuildFile; fileRef = D8B680A11C6F806D00902CBD /* Assets.xcassets */; };
		D8B680A91C6F806D00902CBD /* PupUpWatch Extension.appex in Embed App Extensions */ = {isa = PBXBuildFile; fileRef = D8B680A81C6F806D00902CBD /* PupUpWatch Extension.appex */; settings = {ATTRIBUTES = (RemoveHeadersOnCopy, ); }; };
		D8B680B01C6F806D00902CBD /* InterfaceController.swift in Sources */ = {isa = PBXBuildFile; fileRef = D8B680AF1C6F806D00902CBD /* InterfaceController.swift */; };
		D8B680B21C6F806D00902CBD /* ExtensionDelegate.swift in Sources */ = {isa = PBXBuildFile; fileRef = D8B680B11C6F806D00902CBD /* ExtensionDelegate.swift */; };
		D8B680B41C6F806D00902CBD /* NotificationController.swift in Sources */ = {isa = PBXBuildFile; fileRef = D8B680B31C6F806D00902CBD /* NotificationController.swift */; };
		D8B680B61C6F806D00902CBD /* Assets.xcassets in Resources */ = {isa = PBXBuildFile; fileRef = D8B680B51C6F806D00902CBD /* Assets.xcassets */; };
		D8B680BA1C6F806D00902CBD /* PupUpWatch.app in Embed Watch Content */ = {isa = PBXBuildFile; fileRef = D8B6809C1C6F806D00902CBD /* PupUpWatch.app */; };
		D8B680CA1C6FE4B200902CBD /* CollectionViewController.swift in Sources */ = {isa = PBXBuildFile; fileRef = D8B680C91C6FE4B200902CBD /* CollectionViewController.swift */; };
		D8C6D17D1C70F7B9004D4D4B /* FlickrSearch.swift in Sources */ = {isa = PBXBuildFile; fileRef = D8C6D17C1C70F7B9004D4D4B /* FlickrSearch.swift */; };
		D8C6D17F1C7270C6004D4D4B /* PhotoCell.swift in Sources */ = {isa = PBXBuildFile; fileRef = D8C6D17E1C7270C6004D4D4B /* PhotoCell.swift */; };
		D8C6D1811C72B871004D4D4B /* PhotoViewController.swift in Sources */ = {isa = PBXBuildFile; fileRef = D8C6D1801C72B871004D4D4B /* PhotoViewController.swift */; };
/* End PBXBuildFile section */

/* Begin PBXContainerItemProxy section */
		D8B6807E1C6F804200902CBD /* PBXContainerItemProxy */ = {
			isa = PBXContainerItemProxy;
			containerPortal = D8B6805E1C6F804200902CBD /* Project object */;
			proxyType = 1;
			remoteGlobalIDString = D8B680651C6F804200902CBD;
			remoteInfo = PupUp;
		};
		D8B680891C6F804200902CBD /* PBXContainerItemProxy */ = {
			isa = PBXContainerItemProxy;
			containerPortal = D8B6805E1C6F804200902CBD /* Project object */;
			proxyType = 1;
			remoteGlobalIDString = D8B680651C6F804200902CBD;
			remoteInfo = PupUp;
		};
		D8B680AA1C6F806D00902CBD /* PBXContainerItemProxy */ = {
			isa = PBXContainerItemProxy;
			containerPortal = D8B6805E1C6F804200902CBD /* Project object */;
			proxyType = 1;
			remoteGlobalIDString = D8B680A71C6F806D00902CBD;
			remoteInfo = "PupUpWatch Extension";
		};
		D8B680B81C6F806D00902CBD /* PBXContainerItemProxy */ = {
			isa = PBXContainerItemProxy;
			containerPortal = D8B6805E1C6F804200902CBD /* Project object */;
			proxyType = 1;
			remoteGlobalIDString = D8B6809B1C6F806D00902CBD;
			remoteInfo = PupUpWatch;
		};
/* End PBXContainerItemProxy section */

/* Begin PBXCopyFilesBuildPhase section */
		D8B680BE1C6F806D00902CBD /* Embed App Extensions */ = {
			isa = PBXCopyFilesBuildPhase;
			buildActionMask = 2147483647;
			dstPath = "";
			dstSubfolderSpec = 13;
			files = (
				D8B680A91C6F806D00902CBD /* PupUpWatch Extension.appex in Embed App Extensions */,
			);
			name = "Embed App Extensions";
			runOnlyForDeploymentPostprocessing = 0;
		};
		D8B680C21C6F806D00902CBD /* Embed Watch Content */ = {
			isa = PBXCopyFilesBuildPhase;
			buildActionMask = 2147483647;
			dstPath = "$(CONTENTS_FOLDER_PATH)/Watch";
			dstSubfolderSpec = 16;
			files = (
				D8B680BA1C6F806D00902CBD /* PupUpWatch.app in Embed Watch Content */,
			);
			name = "Embed Watch Content";
			runOnlyForDeploymentPostprocessing = 0;
		};
/* End PBXCopyFilesBuildPhase section */

/* Begin PBXFileReference section */
		D8B680661C6F804200902CBD /* PupUp.app */ = {isa = PBXFileReference; explicitFileType = wrapper.application; includeInIndex = 0; path = PupUp.app; sourceTree = BUILT_PRODUCTS_DIR; };
		D8B680691C6F804200902CBD /* AppDelegate.swift */ = {isa = PBXFileReference; lastKnownFileType = sourcecode.swift; path = AppDelegate.swift; sourceTree = "<group>"; };
		D8B6806E1C6F804200902CBD /* Base */ = {isa = PBXFileReference; lastKnownFileType = file.storyboard; name = Base; path = Base.lproj/Main.storyboard; sourceTree = "<group>"; };
		D8B680711C6F804200902CBD /* PupUp.xcdatamodel */ = {isa = PBXFileReference; lastKnownFileType = wrapper.xcdatamodel; path = PupUp.xcdatamodel; sourceTree = "<group>"; };
		D8B680731C6F804200902CBD /* Assets.xcassets */ = {isa = PBXFileReference; lastKnownFileType = folder.assetcatalog; path = Assets.xcassets; sourceTree = "<group>"; };
		D8B680761C6F804200902CBD /* Base */ = {isa = PBXFileReference; lastKnownFileType = file.storyboard; name = Base; path = Base.lproj/LaunchScreen.storyboard; sourceTree = "<group>"; };
		D8B680781C6F804200902CBD /* Info.plist */ = {isa = PBXFileReference; lastKnownFileType = text.plist.xml; path = Info.plist; sourceTree = "<group>"; };
		D8B6807D1C6F804200902CBD /* PupUpTests.xctest */ = {isa = PBXFileReference; explicitFileType = wrapper.cfbundle; includeInIndex = 0; path = PupUpTests.xctest; sourceTree = BUILT_PRODUCTS_DIR; };
		D8B680811C6F804200902CBD /* PupUpTests.swift */ = {isa = PBXFileReference; lastKnownFileType = sourcecode.swift; path = PupUpTests.swift; sourceTree = "<group>"; };
		D8B680831C6F804200902CBD /* Info.plist */ = {isa = PBXFileReference; lastKnownFileType = text.plist.xml; path = Info.plist; sourceTree = "<group>"; };
		D8B680881C6F804200902CBD /* PupUpUITests.xctest */ = {isa = PBXFileReference; explicitFileType = wrapper.cfbundle; includeInIndex = 0; path = PupUpUITests.xctest; sourceTree = BUILT_PRODUCTS_DIR; };
		D8B6808C1C6F804200902CBD /* PupUpUITests.swift */ = {isa = PBXFileReference; lastKnownFileType = sourcecode.swift; path = PupUpUITests.swift; sourceTree = "<group>"; };
		D8B6808E1C6F804200902CBD /* Info.plist */ = {isa = PBXFileReference; lastKnownFileType = text.plist.xml; path = Info.plist; sourceTree = "<group>"; };
		D8B6809C1C6F806D00902CBD /* PupUpWatch.app */ = {isa = PBXFileReference; explicitFileType = wrapper.application; includeInIndex = 0; path = PupUpWatch.app; sourceTree = BUILT_PRODUCTS_DIR; };
		D8B6809F1C6F806D00902CBD /* Base */ = {isa = PBXFileReference; lastKnownFileType = file.storyboard; name = Base; path = Base.lproj/Interface.storyboard; sourceTree = "<group>"; };
		D8B680A11C6F806D00902CBD /* Assets.xcassets */ = {isa = PBXFileReference; lastKnownFileType = folder.assetcatalog; path = Assets.xcassets; sourceTree = "<group>"; };
		D8B680A31C6F806D00902CBD /* Info.plist */ = {isa = PBXFileReference; lastKnownFileType = text.plist.xml; path = Info.plist; sourceTree = "<group>"; };
		D8B680A81C6F806D00902CBD /* PupUpWatch Extension.appex */ = {isa = PBXFileReference; explicitFileType = "wrapper.app-extension"; includeInIndex = 0; path = "PupUpWatch Extension.appex"; sourceTree = BUILT_PRODUCTS_DIR; };
		D8B680AE1C6F806D00902CBD /* PushNotificationPayload.apns */ = {isa = PBXFileReference; lastKnownFileType = text; path = PushNotificationPayload.apns; sourceTree = "<group>"; };
		D8B680AF1C6F806D00902CBD /* InterfaceController.swift */ = {isa = PBXFileReference; lastKnownFileType = sourcecode.swift; path = InterfaceController.swift; sourceTree = "<group>"; };
		D8B680B11C6F806D00902CBD /* ExtensionDelegate.swift */ = {isa = PBXFileReference; lastKnownFileType = sourcecode.swift; path = ExtensionDelegate.swift; sourceTree = "<group>"; };
		D8B680B31C6F806D00902CBD /* NotificationController.swift */ = {isa = PBXFileReference; lastKnownFileType = sourcecode.swift; path = NotificationController.swift; sourceTree = "<group>"; };
		D8B680B51C6F806D00902CBD /* Assets.xcassets */ = {isa = PBXFileReference; lastKnownFileType = folder.assetcatalog; path = Assets.xcassets; sourceTree = "<group>"; };
		D8B680B71C6F806D00902CBD /* Info.plist */ = {isa = PBXFileReference; lastKnownFileType = text.plist.xml; path = Info.plist; sourceTree = "<group>"; };
		D8B680C91C6FE4B200902CBD /* CollectionViewController.swift */ = {isa = PBXFileReference; fileEncoding = 4; lastKnownFileType = sourcecode.swift; path = CollectionViewController.swift; sourceTree = "<group>"; };
		D8C6D17C1C70F7B9004D4D4B /* FlickrSearch.swift */ = {isa = PBXFileReference; fileEncoding = 4; lastKnownFileType = sourcecode.swift; path = FlickrSearch.swift; sourceTree = "<group>"; };
		D8C6D17E1C7270C6004D4D4B /* PhotoCell.swift */ = {isa = PBXFileReference; fileEncoding = 4; lastKnownFileType = sourcecode.swift; path = PhotoCell.swift; sourceTree = "<group>"; };
		D8C6D1801C72B871004D4D4B /* PhotoViewController.swift */ = {isa = PBXFileReference; fileEncoding = 4; lastKnownFileType = sourcecode.swift; path = PhotoViewController.swift; sourceTree = "<group>"; };
/* End PBXFileReference section */

/* Begin PBXFrameworksBuildPhase section */
		D8B680631C6F804200902CBD /* Frameworks */ = {
			isa = PBXFrameworksBuildPhase;
			buildActionMask = 2147483647;
			files = (
			);
			runOnlyForDeploymentPostprocessing = 0;
		};
		D8B6807A1C6F804200902CBD /* Frameworks */ = {
			isa = PBXFrameworksBuildPhase;
			buildActionMask = 2147483647;
			files = (
			);
			runOnlyForDeploymentPostprocessing = 0;
		};
		D8B680851C6F804200902CBD /* Frameworks */ = {
			isa = PBXFrameworksBuildPhase;
			buildActionMask = 2147483647;
			files = (
			);
			runOnlyForDeploymentPostprocessing = 0;
		};
		D8B680A51C6F806D00902CBD /* Frameworks */ = {
			isa = PBXFrameworksBuildPhase;
			buildActionMask = 2147483647;
			files = (
			);
			runOnlyForDeploymentPostprocessing = 0;
		};
/* End PBXFrameworksBuildPhase section */

/* Begin PBXGroup section */
		D8B6805D1C6F804200902CBD = {
			isa = PBXGroup;
			children = (
				D8B680681C6F804200902CBD /* PupUp */,
				D8B680801C6F804200902CBD /* PupUpTests */,
				D8B6808B1C6F804200902CBD /* PupUpUITests */,
				D8B6809D1C6F806D00902CBD /* PupUpWatch */,
				D8B680AC1C6F806D00902CBD /* PupUpWatch Extension */,
				D8B680671C6F804200902CBD /* Products */,
			);
			sourceTree = "<group>";
		};
		D8B680671C6F804200902CBD /* Products */ = {
			isa = PBXGroup;
			children = (
				D8B680661C6F804200902CBD /* PupUp.app */,
				D8B6807D1C6F804200902CBD /* PupUpTests.xctest */,
				D8B680881C6F804200902CBD /* PupUpUITests.xctest */,
				D8B6809C1C6F806D00902CBD /* PupUpWatch.app */,
				D8B680A81C6F806D00902CBD /* PupUpWatch Extension.appex */,
			);
			name = Products;
			sourceTree = "<group>";
		};
		D8B680681C6F804200902CBD /* PupUp */ = {
			isa = PBXGroup;
			children = (
				D8B680691C6F804200902CBD /* AppDelegate.swift */,
				D8B6806D1C6F804200902CBD /* Main.storyboard */,
				D8B680731C6F804200902CBD /* Assets.xcassets */,
				D8B680751C6F804200902CBD /* LaunchScreen.storyboard */,
				D8B680781C6F804200902CBD /* Info.plist */,
				D8B680701C6F804200902CBD /* PupUp.xcdatamodeld */,
				D8B680C91C6FE4B200902CBD /* CollectionViewController.swift */,
				D8C6D17C1C70F7B9004D4D4B /* FlickrSearch.swift */,
				D8C6D17E1C7270C6004D4D4B /* PhotoCell.swift */,
				D8C6D1801C72B871004D4D4B /* PhotoViewController.swift */,
			);
			path = PupUp;
			sourceTree = "<group>";
		};
		D8B680801C6F804200902CBD /* PupUpTests */ = {
			isa = PBXGroup;
			children = (
				D8B680811C6F804200902CBD /* PupUpTests.swift */,
				D8B680831C6F804200902CBD /* Info.plist */,
			);
			path = PupUpTests;
			sourceTree = "<group>";
		};
		D8B6808B1C6F804200902CBD /* PupUpUITests */ = {
			isa = PBXGroup;
			children = (
				D8B6808C1C6F804200902CBD /* PupUpUITests.swift */,
				D8B6808E1C6F804200902CBD /* Info.plist */,
			);
			path = PupUpUITests;
			sourceTree = "<group>";
		};
		D8B6809D1C6F806D00902CBD /* PupUpWatch */ = {
			isa = PBXGroup;
			children = (
				D8B6809E1C6F806D00902CBD /* Interface.storyboard */,
				D8B680A11C6F806D00902CBD /* Assets.xcassets */,
				D8B680A31C6F806D00902CBD /* Info.plist */,
			);
			path = PupUpWatch;
			sourceTree = "<group>";
		};
		D8B680AC1C6F806D00902CBD /* PupUpWatch Extension */ = {
			isa = PBXGroup;
			children = (
				D8B680AF1C6F806D00902CBD /* InterfaceController.swift */,
				D8B680B11C6F806D00902CBD /* ExtensionDelegate.swift */,
				D8B680B31C6F806D00902CBD /* NotificationController.swift */,
				D8B680B51C6F806D00902CBD /* Assets.xcassets */,
				D8B680B71C6F806D00902CBD /* Info.plist */,
				D8B680AD1C6F806D00902CBD /* Supporting Files */,
			);
			path = "PupUpWatch Extension";
			sourceTree = "<group>";
		};
		D8B680AD1C6F806D00902CBD /* Supporting Files */ = {
			isa = PBXGroup;
			children = (
				D8B680AE1C6F806D00902CBD /* PushNotificationPayload.apns */,
			);
			name = "Supporting Files";
			sourceTree = "<group>";
		};
/* End PBXGroup section */

/* Begin PBXNativeTarget section */
		D8B680651C6F804200902CBD /* PupUp */ = {
			isa = PBXNativeTarget;
			buildConfigurationList = D8B680911C6F804200902CBD /* Build configuration list for PBXNativeTarget "PupUp" */;
			buildPhases = (
				D8B680621C6F804200902CBD /* Sources */,
				D8B680631C6F804200902CBD /* Frameworks */,
				D8B680641C6F804200902CBD /* Resources */,
				D8B680C21C6F806D00902CBD /* Embed Watch Content */,
			);
			buildRules = (
			);
			dependencies = (
				D8B680B91C6F806D00902CBD /* PBXTargetDependency */,
			);
			name = PupUp;
			productName = PupUp;
			productReference = D8B680661C6F804200902CBD /* PupUp.app */;
			productType = "com.apple.product-type.application";
		};
		D8B6807C1C6F804200902CBD /* PupUpTests */ = {
			isa = PBXNativeTarget;
			buildConfigurationList = D8B680941C6F804200902CBD /* Build configuration list for PBXNativeTarget "PupUpTests" */;
			buildPhases = (
				D8B680791C6F804200902CBD /* Sources */,
				D8B6807A1C6F804200902CBD /* Frameworks */,
				D8B6807B1C6F804200902CBD /* Resources */,
			);
			buildRules = (
			);
			dependencies = (
				D8B6807F1C6F804200902CBD /* PBXTargetDependency */,
			);
			name = PupUpTests;
			productName = PupUpTests;
			productReference = D8B6807D1C6F804200902CBD /* PupUpTests.xctest */;
			productType = "com.apple.product-type.bundle.unit-test";
		};
		D8B680871C6F804200902CBD /* PupUpUITests */ = {
			isa = PBXNativeTarget;
			buildConfigurationList = D8B680971C6F804200902CBD /* Build configuration list for PBXNativeTarget "PupUpUITests" */;
			buildPhases = (
				D8B680841C6F804200902CBD /* Sources */,
				D8B680851C6F804200902CBD /* Frameworks */,
				D8B680861C6F804200902CBD /* Resources */,
			);
			buildRules = (
			);
			dependencies = (
				D8B6808A1C6F804200902CBD /* PBXTargetDependency */,
			);
			name = PupUpUITests;
			productName = PupUpUITests;
			productReference = D8B680881C6F804200902CBD /* PupUpUITests.xctest */;
			productType = "com.apple.product-type.bundle.ui-testing";
		};
		D8B6809B1C6F806D00902CBD /* PupUpWatch */ = {
			isa = PBXNativeTarget;
			buildConfigurationList = D8B680BF1C6F806D00902CBD /* Build configuration list for PBXNativeTarget "PupUpWatch" */;
			buildPhases = (
				D8B6809A1C6F806D00902CBD /* Resources */,
				D8B680BE1C6F806D00902CBD /* Embed App Extensions */,
			);
			buildRules = (
			);
			dependencies = (
				D8B680AB1C6F806D00902CBD /* PBXTargetDependency */,
			);
			name = PupUpWatch;
			productName = PupUpWatch;
			productReference = D8B6809C1C6F806D00902CBD /* PupUpWatch.app */;
			productType = "com.apple.product-type.application.watchapp2";
		};
		D8B680A71C6F806D00902CBD /* PupUpWatch Extension */ = {
			isa = PBXNativeTarget;
			buildConfigurationList = D8B680BB1C6F806D00902CBD /* Build configuration list for PBXNativeTarget "PupUpWatch Extension" */;
			buildPhases = (
				D8B680A41C6F806D00902CBD /* Sources */,
				D8B680A51C6F806D00902CBD /* Frameworks */,
				D8B680A61C6F806D00902CBD /* Resources */,
			);
			buildRules = (
			);
			dependencies = (
			);
			name = "PupUpWatch Extension";
			productName = "PupUpWatch Extension";
			productReference = D8B680A81C6F806D00902CBD /* PupUpWatch Extension.appex */;
			productType = "com.apple.product-type.watchkit2-extension";
		};
/* End PBXNativeTarget section */

/* Begin PBXProject section */
		D8B6805E1C6F804200902CBD /* Project object */ = {
			isa = PBXProject;
			attributes = {
				LastSwiftUpdateCheck = 0720;
				LastUpgradeCheck = 0720;
				ORGANIZATIONNAME = "Blake Tucker";
				TargetAttributes = {
					D8B680651C6F804200902CBD = {
						CreatedOnToolsVersion = 7.2.1;
					};
					D8B6807C1C6F804200902CBD = {
						CreatedOnToolsVersion = 7.2.1;
						TestTargetID = D8B680651C6F804200902CBD;
					};
					D8B680871C6F804200902CBD = {
						CreatedOnToolsVersion = 7.2.1;
						TestTargetID = D8B680651C6F804200902CBD;
					};
					D8B6809B1C6F806D00902CBD = {
						CreatedOnToolsVersion = 7.2.1;
						DevelopmentTeam = HY6N525HCU;
					};
					D8B680A71C6F806D00902CBD = {
						CreatedOnToolsVersion = 7.2.1;
					};
				};
			};
			buildConfigurationList = D8B680611C6F804200902CBD /* Build configuration list for PBXProject "PupUp" */;
			compatibilityVersion = "Xcode 3.2";
			developmentRegion = English;
			hasScannedForEncodings = 0;
			knownRegions = (
				en,
				Base,
			);
			mainGroup = D8B6805D1C6F804200902CBD;
			productRefGroup = D8B680671C6F804200902CBD /* Products */;
			projectDirPath = "";
			projectRoot = "";
			targets = (
				D8B680651C6F804200902CBD /* PupUp */,
				D8B6807C1C6F804200902CBD /* PupUpTests */,
				D8B680871C6F804200902CBD /* PupUpUITests */,
				D8B6809B1C6F806D00902CBD /* PupUpWatch */,
				D8B680A71C6F806D00902CBD /* PupUpWatch Extension */,
			);
		};
/* End PBXProject section */

/* Begin PBXResourcesBuildPhase section */
		D8B680641C6F804200902CBD /* Resources */ = {
			isa = PBXResourcesBuildPhase;
			buildActionMask = 2147483647;
			files = (
				D8B680771C6F804200902CBD /* LaunchScreen.storyboard in Resources */,
				D8B680741C6F804200902CBD /* Assets.xcassets in Resources */,
				D8B6806F1C6F804200902CBD /* Main.storyboard in Resources */,
			);
			runOnlyForDeploymentPostprocessing = 0;
		};
		D8B6807B1C6F804200902CBD /* Resources */ = {
			isa = PBXResourcesBuildPhase;
			buildActionMask = 2147483647;
			files = (
			);
			runOnlyForDeploymentPostprocessing = 0;
		};
		D8B680861C6F804200902CBD /* Resources */ = {
			isa = PBXResourcesBuildPhase;
			buildActionMask = 2147483647;
			files = (
			);
			runOnlyForDeploymentPostprocessing = 0;
		};
		D8B6809A1C6F806D00902CBD /* Resources */ = {
			isa = PBXResourcesBuildPhase;
			buildActionMask = 2147483647;
			files = (
				D8B680A21C6F806D00902CBD /* Assets.xcassets in Resources */,
				D8B680A01C6F806D00902CBD /* Interface.storyboard in Resources */,
			);
			runOnlyForDeploymentPostprocessing = 0;
		};
		D8B680A61C6F806D00902CBD /* Resources */ = {
			isa = PBXResourcesBuildPhase;
			buildActionMask = 2147483647;
			files = (
				D8B680B61C6F806D00902CBD /* Assets.xcassets in Resources */,
			);
			runOnlyForDeploymentPostprocessing = 0;
		};
/* End PBXResourcesBuildPhase section */

/* Begin PBXSourcesBuildPhase section */
		D8B680621C6F804200902CBD /* Sources */ = {
			isa = PBXSourcesBuildPhase;
			buildActionMask = 2147483647;
			files = (
				D8B680CA1C6FE4B200902CBD /* CollectionViewController.swift in Sources */,
				D8C6D17F1C7270C6004D4D4B /* PhotoCell.swift in Sources */,
				D8B680721C6F804200902CBD /* PupUp.xcdatamodeld in Sources */,
				D8C6D17D1C70F7B9004D4D4B /* FlickrSearch.swift in Sources */,
				D8B6806A1C6F804200902CBD /* AppDelegate.swift in Sources */,
				D8C6D1811C72B871004D4D4B /* PhotoViewController.swift in Sources */,
			);
			runOnlyForDeploymentPostprocessing = 0;
		};
		D8B680791C6F804200902CBD /* Sources */ = {
			isa = PBXSourcesBuildPhase;
			buildActionMask = 2147483647;
			files = (
				D8B680821C6F804200902CBD /* PupUpTests.swift in Sources */,
			);
			runOnlyForDeploymentPostprocessing = 0;
		};
		D8B680841C6F804200902CBD /* Sources */ = {
			isa = PBXSourcesBuildPhase;
			buildActionMask = 2147483647;
			files = (
				D8B6808D1C6F804200902CBD /* PupUpUITests.swift in Sources */,
			);
			runOnlyForDeploymentPostprocessing = 0;
		};
		D8B680A41C6F806D00902CBD /* Sources */ = {
			isa = PBXSourcesBuildPhase;
			buildActionMask = 2147483647;
			files = (
				D8B680B41C6F806D00902CBD /* NotificationController.swift in Sources */,
				D8B680B21C6F806D00902CBD /* ExtensionDelegate.swift in Sources */,
				D8B680B01C6F806D00902CBD /* InterfaceController.swift in Sources */,
			);
			runOnlyForDeploymentPostprocessing = 0;
		};
/* End PBXSourcesBuildPhase section */

/* Begin PBXTargetDependency section */
		D8B6807F1C6F804200902CBD /* PBXTargetDependency */ = {
			isa = PBXTargetDependency;
			target = D8B680651C6F804200902CBD /* PupUp */;
			targetProxy = D8B6807E1C6F804200902CBD /* PBXContainerItemProxy */;
		};
		D8B6808A1C6F804200902CBD /* PBXTargetDependency */ = {
			isa = PBXTargetDependency;
			target = D8B680651C6F804200902CBD /* PupUp */;
			targetProxy = D8B680891C6F804200902CBD /* PBXContainerItemProxy */;
		};
		D8B680AB1C6F806D00902CBD /* PBXTargetDependency */ = {
			isa = PBXTargetDependency;
			target = D8B680A71C6F806D00902CBD /* PupUpWatch Extension */;
			targetProxy = D8B680AA1C6F806D00902CBD /* PBXContainerItemProxy */;
		};
		D8B680B91C6F806D00902CBD /* PBXTargetDependency */ = {
			isa = PBXTargetDependency;
			target = D8B6809B1C6F806D00902CBD /* PupUpWatch */;
			targetProxy = D8B680B81C6F806D00902CBD /* PBXContainerItemProxy */;
		};
/* End PBXTargetDependency section */

/* Begin PBXVariantGroup section */
		D8B6806D1C6F804200902CBD /* Main.storyboard */ = {
			isa = PBXVariantGroup;
			children = (
				D8B6806E1C6F804200902CBD /* Base */,
			);
			name = Main.storyboard;
			sourceTree = "<group>";
		};
		D8B680751C6F804200902CBD /* LaunchScreen.storyboard */ = {
			isa = PBXVariantGroup;
			children = (
				D8B680761C6F804200902CBD /* Base */,
			);
			name = LaunchScreen.storyboard;
			sourceTree = "<group>";
		};
		D8B6809E1C6F806D00902CBD /* Interface.storyboard */ = {
			isa = PBXVariantGroup;
			children = (
				D8B6809F1C6F806D00902CBD /* Base */,
			);
			name = Interface.storyboard;
			sourceTree = "<group>";
		};
/* End PBXVariantGroup section */

/* Begin XCBuildConfiguration section */
		D8B6808F1C6F804200902CBD /* Debug */ = {
			isa = XCBuildConfiguration;
			buildSettings = {
				ALWAYS_SEARCH_USER_PATHS = NO;
				CLANG_CXX_LANGUAGE_STANDARD = "gnu++0x";
				CLANG_CXX_LIBRARY = "libc++";
				CLANG_ENABLE_MODULES = YES;
				CLANG_ENABLE_OBJC_ARC = YES;
				CLANG_WARN_BOOL_CONVERSION = YES;
				CLANG_WARN_CONSTANT_CONVERSION = YES;
				CLANG_WARN_DIRECT_OBJC_ISA_USAGE = YES_ERROR;
				CLANG_WARN_EMPTY_BODY = YES;
				CLANG_WARN_ENUM_CONVERSION = YES;
				CLANG_WARN_INT_CONVERSION = YES;
				CLANG_WARN_OBJC_ROOT_CLASS = YES_ERROR;
				CLANG_WARN_UNREACHABLE_CODE = YES;
				CLANG_WARN__DUPLICATE_METHOD_MATCH = YES;
				"CODE_SIGN_IDENTITY[sdk=iphoneos*]" = "iPhone Developer";
				COPY_PHASE_STRIP = NO;
				DEBUG_INFORMATION_FORMAT = dwarf;
				ENABLE_STRICT_OBJC_MSGSEND = YES;
				ENABLE_TESTABILITY = YES;
				GCC_C_LANGUAGE_STANDARD = gnu99;
				GCC_DYNAMIC_NO_PIC = NO;
				GCC_NO_COMMON_BLOCKS = YES;
				GCC_OPTIMIZATION_LEVEL = 0;
				GCC_PREPROCESSOR_DEFINITIONS = (
					"DEBUG=1",
					"$(inherited)",
				);
				GCC_WARN_64_TO_32_BIT_CONVERSION = YES;
				GCC_WARN_ABOUT_RETURN_TYPE = YES_ERROR;
				GCC_WARN_UNDECLARED_SELECTOR = YES;
				GCC_WARN_UNINITIALIZED_AUTOS = YES_AGGRESSIVE;
				GCC_WARN_UNUSED_FUNCTION = YES;
				GCC_WARN_UNUSED_VARIABLE = YES;
				IPHONEOS_DEPLOYMENT_TARGET = 9.2;
				MTL_ENABLE_DEBUG_INFO = YES;
				ONLY_ACTIVE_ARCH = YES;
				SDKROOT = iphoneos;
				SWIFT_OPTIMIZATION_LEVEL = "-Onone";
				TARGETED_DEVICE_FAMILY = "1,2";
			};
			name = Debug;
		};
		D8B680901C6F804200902CBD /* Release */ = {
			isa = XCBuildConfiguration;
			buildSettings = {
				ALWAYS_SEARCH_USER_PATHS = NO;
				CLANG_CXX_LANGUAGE_STANDARD = "gnu++0x";
				CLANG_CXX_LIBRARY = "libc++";
				CLANG_ENABLE_MODULES = YES;
				CLANG_ENABLE_OBJC_ARC = YES;
				CLANG_WARN_BOOL_CONVERSION = YES;
				CLANG_WARN_CONSTANT_CONVERSION = YES;
				CLANG_WARN_DIRECT_OBJC_ISA_USAGE = YES_ERROR;
				CLANG_WARN_EMPTY_BODY = YES;
				CLANG_WARN_ENUM_CONVERSION = YES;
				CLANG_WARN_INT_CONVERSION = YES;
				CLANG_WARN_OBJC_ROOT_CLASS = YES_ERROR;
				CLANG_WARN_UNREACHABLE_CODE = YES;
				CLANG_WARN__DUPLICATE_METHOD_MATCH = YES;
				"CODE_SIGN_IDENTITY[sdk=iphoneos*]" = "iPhone Developer";
				COPY_PHASE_STRIP = NO;
				DEBUG_INFORMATION_FORMAT = "dwarf-with-dsym";
				ENABLE_NS_ASSERTIONS = NO;
				ENABLE_STRICT_OBJC_MSGSEND = YES;
				GCC_C_LANGUAGE_STANDARD = gnu99;
				GCC_NO_COMMON_BLOCKS = YES;
				GCC_WARN_64_TO_32_BIT_CONVERSION = YES;
				GCC_WARN_ABOUT_RETURN_TYPE = YES_ERROR;
				GCC_WARN_UNDECLARED_SELECTOR = YES;
				GCC_WARN_UNINITIALIZED_AUTOS = YES_AGGRESSIVE;
				GCC_WARN_UNUSED_FUNCTION = YES;
				GCC_WARN_UNUSED_VARIABLE = YES;
				IPHONEOS_DEPLOYMENT_TARGET = 9.2;
				MTL_ENABLE_DEBUG_INFO = NO;
				SDKROOT = iphoneos;
				TARGETED_DEVICE_FAMILY = "1,2";
				VALIDATE_PRODUCT = YES;
			};
			name = Release;
		};
		D8B680921C6F804200902CBD /* Debug */ = {
			isa = XCBuildConfiguration;
			buildSettings = {
				ASSETCATALOG_COMPILER_APPICON_NAME = AppIcon;
				FRAMEWORK_SEARCH_PATHS = (
					"$(inherited)",
					"$(PROJECT_DIR)/Carthage/Build/iOS",
				);
				INFOPLIST_FILE = PupUp/Info.plist;
				IPHONEOS_DEPLOYMENT_TARGET = 9.2;
				LD_RUNPATH_SEARCH_PATHS = "$(inherited) @executable_path/Frameworks";
				PRODUCT_BUNDLE_IDENTIFIER = com.tucker.PupUp;
				PRODUCT_NAME = "$(TARGET_NAME)";
				TARGETED_DEVICE_FAMILY = 1;
			};
			name = Debug;
		};
		D8B680931C6F804200902CBD /* Release */ = {
			isa = XCBuildConfiguration;
			buildSettings = {
				ASSETCATALOG_COMPILER_APPICON_NAME = AppIcon;
				FRAMEWORK_SEARCH_PATHS = (
					"$(inherited)",
					"$(PROJECT_DIR)/Carthage/Build/iOS",
				);
				INFOPLIST_FILE = PupUp/Info.plist;
				IPHONEOS_DEPLOYMENT_TARGET = 9.2;
				LD_RUNPATH_SEARCH_PATHS = "$(inherited) @executable_path/Frameworks";
				PRODUCT_BUNDLE_IDENTIFIER = com.tucker.PupUp;
				PRODUCT_NAME = "$(TARGET_NAME)";
				TARGETED_DEVICE_FAMILY = 1;
			};
			name = Release;
		};
		D8B680951C6F804200902CBD /* Debug */ = {
			isa = XCBuildConfiguration;
			buildSettings = {
				BUNDLE_LOADER = "$(TEST_HOST)";
				INFOPLIST_FILE = PupUpTests/Info.plist;
				LD_RUNPATH_SEARCH_PATHS = "$(inherited) @executable_path/Frameworks @loader_path/Frameworks";
				PRODUCT_BUNDLE_IDENTIFIER = com.tucker.PupUpTests;
				PRODUCT_NAME = "$(TARGET_NAME)";
				TEST_HOST = "$(BUILT_PRODUCTS_DIR)/PupUp.app/PupUp";
			};
			name = Debug;
		};
		D8B680961C6F804200902CBD /* Release */ = {
			isa = XCBuildConfiguration;
			buildSettings = {
				BUNDLE_LOADER = "$(TEST_HOST)";
				INFOPLIST_FILE = PupUpTests/Info.plist;
				LD_RUNPATH_SEARCH_PATHS = "$(inherited) @executable_path/Frameworks @loader_path/Frameworks";
				PRODUCT_BUNDLE_IDENTIFIER = com.tucker.PupUpTests;
				PRODUCT_NAME = "$(TARGET_NAME)";
				TEST_HOST = "$(BUILT_PRODUCTS_DIR)/PupUp.app/PupUp";
			};
			name = Release;
		};
		D8B680981C6F804200902CBD /* Debug */ = {
			isa = XCBuildConfiguration;
			buildSettings = {
				INFOPLIST_FILE = PupUpUITests/Info.plist;
				LD_RUNPATH_SEARCH_PATHS = "$(inherited) @executable_path/Frameworks @loader_path/Frameworks";
				PRODUCT_BUNDLE_IDENTIFIER = com.tucker.PupUpUITests;
				PRODUCT_NAME = "$(TARGET_NAME)";
				TEST_TARGET_NAME = PupUp;
				USES_XCTRUNNER = YES;
			};
			name = Debug;
		};
		D8B680991C6F804200902CBD /* Release */ = {
			isa = XCBuildConfiguration;
			buildSettings = {
				INFOPLIST_FILE = PupUpUITests/Info.plist;
				LD_RUNPATH_SEARCH_PATHS = "$(inherited) @executable_path/Frameworks @loader_path/Frameworks";
				PRODUCT_BUNDLE_IDENTIFIER = com.tucker.PupUpUITests;
				PRODUCT_NAME = "$(TARGET_NAME)";
				TEST_TARGET_NAME = PupUp;
				USES_XCTRUNNER = YES;
			};
			name = Release;
		};
		D8B680BC1C6F806D00902CBD /* Debug */ = {
			isa = XCBuildConfiguration;
			buildSettings = {
				INFOPLIST_FILE = "PupUpWatch Extension/Info.plist";
				LD_RUNPATH_SEARCH_PATHS = "$(inherited) @executable_path/Frameworks @executable_path/../../Frameworks";
				PRODUCT_BUNDLE_IDENTIFIER = com.tucker.PupUp.watchkitapp.watchkitextension;
				PRODUCT_NAME = "${TARGET_NAME}";
				SDKROOT = watchos;
				SKIP_INSTALL = YES;
				TARGETED_DEVICE_FAMILY = 4;
				WATCHOS_DEPLOYMENT_TARGET = 2.1;
			};
			name = Debug;
		};
		D8B680BD1C6F806D00902CBD /* Release */ = {
			isa = XCBuildConfiguration;
			buildSettings = {
				INFOPLIST_FILE = "PupUpWatch Extension/Info.plist";
				LD_RUNPATH_SEARCH_PATHS = "$(inherited) @executable_path/Frameworks @executable_path/../../Frameworks";
				PRODUCT_BUNDLE_IDENTIFIER = com.tucker.PupUp.watchkitapp.watchkitextension;
				PRODUCT_NAME = "${TARGET_NAME}";
				SDKROOT = watchos;
				SKIP_INSTALL = YES;
				TARGETED_DEVICE_FAMILY = 4;
				WATCHOS_DEPLOYMENT_TARGET = 2.1;
			};
			name = Release;
		};
		D8B680C01C6F806D00902CBD /* Debug */ = {
			isa = XCBuildConfiguration;
			buildSettings = {
				ASSETCATALOG_COMPILER_APPICON_NAME = AppIcon;
				CODE_SIGN_IDENTITY = "iPhone Developer";
				EMBEDDED_CONTENT_CONTAINS_SWIFT = YES;
				IBSC_MODULE = PupUpWatch_Extension;
				INFOPLIST_FILE = PupUpWatch/Info.plist;
				PRODUCT_BUNDLE_IDENTIFIER = com.tucker.PupUp.watchkitapp;
				PRODUCT_NAME = "$(TARGET_NAME)";
				SDKROOT = watchos;
				SKIP_INSTALL = YES;
				TARGETED_DEVICE_FAMILY = 4;
				WATCHOS_DEPLOYMENT_TARGET = 2.1;
			};
			name = Debug;
		};
		D8B680C11C6F806D00902CBD /* Release */ = {
			isa = XCBuildConfiguration;
			buildSettings = {
				ASSETCATALOG_COMPILER_APPICON_NAME = AppIcon;
				CODE_SIGN_IDENTITY = "iPhone Developer";
				EMBEDDED_CONTENT_CONTAINS_SWIFT = YES;
				IBSC_MODULE = PupUpWatch_Extension;
				INFOPLIST_FILE = PupUpWatch/Info.plist;
				PRODUCT_BUNDLE_IDENTIFIER = com.tucker.PupUp.watchkitapp;
				PRODUCT_NAME = "$(TARGET_NAME)";
				SDKROOT = watchos;
				SKIP_INSTALL = YES;
				TARGETED_DEVICE_FAMILY = 4;
				WATCHOS_DEPLOYMENT_TARGET = 2.1;
			};
			name = Release;
		};
/* End XCBuildConfiguration section */

/* Begin XCConfigurationList section */
		D8B680611C6F804200902CBD /* Build configuration list for PBXProject "PupUp" */ = {
			isa = XCConfigurationList;
			buildConfigurations = (
				D8B6808F1C6F804200902CBD /* Debug */,
				D8B680901C6F804200902CBD /* Release */,
			);
			defaultConfigurationIsVisible = 0;
			defaultConfigurationName = Release;
		};
		D8B680911C6F804200902CBD /* Build configuration list for PBXNativeTarget "PupUp" */ = {
			isa = XCConfigurationList;
			buildConfigurations = (
				D8B680921C6F804200902CBD /* Debug */,
				D8B680931C6F804200902CBD /* Release */,
			);
			defaultConfigurationIsVisible = 0;
			defaultConfigurationName = Release;
		};
		D8B680941C6F804200902CBD /* Build configuration list for PBXNativeTarget "PupUpTests" */ = {
			isa = XCConfigurationList;
			buildConfigurations = (
				D8B680951C6F804200902CBD /* Debug */,
				D8B680961C6F804200902CBD /* Release */,
			);
			defaultConfigurationIsVisible = 0;
			defaultConfigurationName = Release;
		};
		D8B680971C6F804200902CBD /* Build configuration list for PBXNativeTarget "PupUpUITests" */ = {
			isa = XCConfigurationList;
			buildConfigurations = (
				D8B680981C6F804200902CBD /* Debug */,
				D8B680991C6F804200902CBD /* Release */,
			);
			defaultConfigurationIsVisible = 0;
			defaultConfigurationName = Release;
		};
		D8B680BB1C6F806D00902CBD /* Build configuration list for PBXNativeTarget "PupUpWatch Extension" */ = {
			isa = XCConfigurationList;
			buildConfigurations = (
				D8B680BC1C6F806D00902CBD /* Debug */,
				D8B680BD1C6F806D00902CBD /* Release */,
			);
			defaultConfigurationIsVisible = 0;
			defaultConfigurationName = Release;
		};
		D8B680BF1C6F806D00902CBD /* Build configuration list for PBXNativeTarget "PupUpWatch" */ = {
			isa = XCConfigurationList;
			buildConfigurations = (
				D8B680C01C6F806D00902CBD /* Debug */,
				D8B680C11C6F806D00902CBD /* Release */,
			);
			defaultConfigurationIsVisible = 0;
			defaultConfigurationName = Release;
		};
/* End XCConfigurationList section */

/* Begin XCVersionGroup section */
		D8B680701C6F804200902CBD /* PupUp.xcdatamodeld */ = {
			isa = XCVersionGroup;
			children = (
				D8B680711C6F804200902CBD /* PupUp.xcdatamodel */,
			);
			currentVersion = D8B680711C6F804200902CBD /* PupUp.xcdatamodel */;
			path = PupUp.xcdatamodeld;
			sourceTree = "<group>";
			versionGroupType = wrapper.xcdatamodel;
		};
/* End XCVersionGroup section */
	};
	rootObject = D8B6805E1C6F804200902CBD /* Project object */;
}
